{
  "version": 4,
  "terraform_version": "1.8.1",
  "serial": 10,
  "lineage": "3016ea4d-e446-5069-9d0c-09245c0004e4",
  "outputs": {},
  "resources": [
    {
      "mode": "managed",
      "type": "github_branch",
      "name": "development",
      "provider": "provider[\"registry.terraform.io/integrations/github\"]",
      "instances": [
        {
          "schema_version": 0,
          "attributes": {
            "branch": "development",
            "etag": "W/\"3605abdd91e97c0492b23efedab77eb38d968380a31838dc0f4cd800aeb34e64\"",
            "id": "terraformv2:development",
            "ref": "refs/heads/development",
            "repository": "terraformv2",
            "sha": "b48d3811a4b87b5b818ac38f784f13b55076385a",
            "source_branch": "main",
            "source_sha": "b48d3811a4b87b5b818ac38f784f13b55076385a"
          },
          "sensitive_attributes": [],
          "private": "bnVsbA==",
          "dependencies": [
            "github_repository.codebase"
          ],
          "create_before_destroy": true
        }
      ]
    },
    {
      "mode": "managed",
      "type": "github_branch",
      "name": "feature",
      "provider": "provider[\"registry.terraform.io/integrations/github\"]",
      "instances": [
        {
          "schema_version": 0,
          "attributes": {
            "branch": "feature",
            "etag": "W/\"97f26d3074f2ab13e514aac9d21752f6faa5e7372b8de2c9ad98b45c012f2d08\"",
            "id": "terraformv2:feature",
            "ref": "refs/heads/feature",
            "repository": "terraformv2",
            "sha": "b48d3811a4b87b5b818ac38f784f13b55076385a",
            "source_branch": "main",
            "source_sha": "b48d3811a4b87b5b818ac38f784f13b55076385a"
          },
          "sensitive_attributes": [],
          "private": "bnVsbA==",
          "dependencies": [
            "github_repository.codebase"
          ]
        }
      ]
    },
    {
      "mode": "managed",
      "type": "github_branch",
      "name": "testing",
      "provider": "provider[\"registry.terraform.io/integrations/github\"]",
      "instances": [
        {
          "schema_version": 0,
          "attributes": {
            "branch": "testing",
            "etag": "W/\"3ff6ba492ddea4579db208957060d2102663c0dca50b3f06a98799c158abd329\"",
            "id": "terraformv2:testing",
            "ref": "refs/heads/testing",
            "repository": "terraformv2",
            "sha": "b48d3811a4b87b5b818ac38f784f13b55076385a",
            "source_branch": "main",
            "source_sha": "b48d3811a4b87b5b818ac38f784f13b55076385a"
          },
          "sensitive_attributes": [],
          "private": "bnVsbA==",
          "dependencies": [
            "github_repository.codebase"
          ]
        }
      ]
    },
    {
      "mode": "managed",
      "type": "github_repository",
      "name": "codebase",
      "provider": "provider[\"registry.terraform.io/integrations/github\"]",
      "instances": [
        {
          "schema_version": 1,
          "attributes": {
            "allow_auto_merge": false,
            "allow_merge_commit": true,
            "allow_rebase_merge": true,
            "allow_squash_merge": true,
            "allow_update_branch": false,
            "archive_on_destroy": null,
            "archived": false,
            "auto_init": null,
            "default_branch": "main",
            "delete_branch_on_merge": false,
            "description": "My awesome codebase",
            "etag": "W/\"901f08a06cf122dda896030b5ddf559a5701c2cfea84636ee0250f30259d98b8\"",
            "full_name": "car1803/terraformv2",
            "git_clone_url": "git://github.com/car1803/terraformv2.git",
            "gitignore_template": null,
            "has_discussions": false,
            "has_downloads": false,
            "has_issues": false,
            "has_projects": false,
            "has_wiki": false,
            "homepage_url": "",
            "html_url": "https://github.com/car1803/terraformv2",
            "http_clone_url": "https://github.com/car1803/terraformv2.git",
            "id": "terraformv2",
            "ignore_vulnerability_alerts_during_read": null,
            "is_template": false,
            "license_template": null,
            "merge_commit_message": "PR_TITLE",
            "merge_commit_title": "MERGE_MESSAGE",
            "name": "terraformv2",
            "node_id": "R_kgDOLw_3Xg",
            "pages": [],
            "primary_language": "",
            "private": false,
            "repo_id": 789575518,
            "security_and_analysis": [
              {
                "advanced_security": [],
                "secret_scanning": [
                  {
                    "status": "enabled"
                  }
                ],
                "secret_scanning_push_protection": [
                  {
                    "status": "enabled"
                  }
                ]
              }
            ],
            "squash_merge_commit_message": "COMMIT_MESSAGES",
            "squash_merge_commit_title": "COMMIT_OR_PR_TITLE",
            "ssh_clone_url": "git@github.com:car1803/terraformv2.git",
            "svn_url": "https://github.com/car1803/terraformv2",
            "template": [],
            "topics": [],
            "visibility": "public",
            "vulnerability_alerts": false,
            "web_commit_signoff_required": false
          },
          "sensitive_attributes": [],
          "private": "eyJzY2hlbWFfdmVyc2lvbiI6IjEifQ==",
          "create_before_destroy": true
        }
      ]
    },
    {
      "mode": "managed",
      "type": "github_repository",
      "name": "webpage",
      "provider": "provider[\"registry.terraform.io/integrations/github\"]",
      "instances": [
        {
          "schema_version": 1,
          "attributes": {
            "allow_auto_merge": false,
            "allow_merge_commit": true,
            "allow_rebase_merge": true,
            "allow_squash_merge": true,
            "allow_update_branch": false,
            "archive_on_destroy": null,
            "archived": false,
            "auto_init": null,
            "default_branch": "main",
            "delete_branch_on_merge": false,
            "description": "My awesome web page",
            "etag": "W/\"4407af39f3b6bf52ab9caad8e9b40f7b45cbdf1824bd450163339b03b1d2b9f3\"",
            "full_name": "car1803/terraformv2-web",
            "git_clone_url": "git://github.com/car1803/terraformv2-web.git",
            "gitignore_template": null,
            "has_discussions": false,
            "has_downloads": false,
            "has_issues": false,
            "has_projects": false,
            "has_wiki": false,
            "homepage_url": "",
            "html_url": "https://github.com/car1803/terraformv2-web",
            "http_clone_url": "https://github.com/car1803/terraformv2-web.git",
            "id": "terraformv2-web",
            "ignore_vulnerability_alerts_during_read": null,
            "is_template": false,
            "license_template": null,
            "merge_commit_message": "PR_TITLE",
            "merge_commit_title": "MERGE_MESSAGE",
            "name": "terraformv2-web",
            "node_id": "R_kgDOLw_3YQ",
            "pages": [],
            "primary_language": "",
            "private": false,
            "repo_id": 789575521,
            "security_and_analysis": [
              {
                "advanced_security": [],
                "secret_scanning": [
                  {
                    "status": "enabled"
                  }
                ],
                "secret_scanning_push_protection": [
                  {
                    "status": "enabled"
                  }
                ]
              }
            ],
            "squash_merge_commit_message": "COMMIT_MESSAGES",
            "squash_merge_commit_title": "COMMIT_OR_PR_TITLE",
            "ssh_clone_url": "git@github.com:car1803/terraformv2-web.git",
            "svn_url": "https://github.com/car1803/terraformv2-web",
            "template": [],
            "topics": [],
            "visibility": "public",
            "vulnerability_alerts": false,
            "web_commit_signoff_required": false
          },
          "sensitive_attributes": [],
          "private": "eyJzY2hlbWFfdmVyc2lvbiI6IjEifQ=="
        }
      ]
    }
  ],
  "check_results": null
}
